
Microsoft Visual Studio Solution File, Format Version 12.00
# Visual Studio Version 17
VisualStudioVersion = 17.11.35222.181
MinimumVisualStudioVersion = 10.0.40219.1
Project("{9A19103F-16F7-4668-BE54-9A1E7A4F7556}") = "lib_entidades", "lib_entidades\lib_entidades.csproj", "{2D7C55C2-7DBE-4ACF-872F-34C61E29935A}"
EndProject
Project("{2150E333-8FDC-42A3-9474-1A3956D46DE8}") = "1. Presentaciones", "1. Presentaciones", "{83B31EE9-15BC-4B50-9562-8B5FE59E772D}"
EndProject
Project("{2150E333-8FDC-42A3-9474-1A3956D46DE8}") = "2. Servicios", "2. Servicios", "{5E33DAAF-02A6-4BB5-92EE-D7A5D102188A}"
EndProject
Project("{2150E333-8FDC-42A3-9474-1A3956D46DE8}") = "3. Comunes", "3. Comunes", "{52F0606A-42F5-4C87-B0F7-5C5DC8044F0C}"
EndProject
Project("{2150E333-8FDC-42A3-9474-1A3956D46DE8}") = "4. Pruebas unitarias", "4. Pruebas unitarias", "{FE452274-7EAE-48DD-B294-9C02B122FBC8}"
EndProject
Project("{2150E333-8FDC-42A3-9474-1A3956D46DE8}") = "Solution Items", "Solution Items", "{A6E290D0-438A-448C-9519-51E313952E56}"
	ProjectSection(SolutionItems) = preProject
		datos.JSON = datos.JSON
	EndProjectSection
EndProject
Project("{FAE04EC0-301F-11D3-BF4B-00C04F79EFBC}") = "asp_servicios", "asp_servicios\asp_servicios.csproj", "{95F14FC3-EED1-4DFC-B109-4BBF1A5A6ED0}"
EndProject
Global
	GlobalSection(SolutionConfigurationPlatforms) = preSolution
		Debug|Any CPU = Debug|Any CPU
		Release|Any CPU = Release|Any CPU
	EndGlobalSection
	GlobalSection(ProjectConfigurationPlatforms) = postSolution
		{2D7C55C2-7DBE-4ACF-872F-34C61E29935A}.Debug|Any CPU.ActiveCfg = Debug|Any CPU
		{2D7C55C2-7DBE-4ACF-872F-34C61E29935A}.Debug|Any CPU.Build.0 = Debug|Any CPU
		{2D7C55C2-7DBE-4ACF-872F-34C61E29935A}.Release|Any CPU.ActiveCfg = Release|Any CPU
		{2D7C55C2-7DBE-4ACF-872F-34C61E29935A}.Release|Any CPU.Build.0 = Release|Any CPU
		{95F14FC3-EED1-4DFC-B109-4BBF1A5A6ED0}.Debug|Any CPU.ActiveCfg = Debug|Any CPU
		{95F14FC3-EED1-4DFC-B109-4BBF1A5A6ED0}.Debug|Any CPU.Build.0 = Debug|Any CPU
		{95F14FC3-EED1-4DFC-B109-4BBF1A5A6ED0}.Release|Any CPU.ActiveCfg = Release|Any CPU
		{95F14FC3-EED1-4DFC-B109-4BBF1A5A6ED0}.Release|Any CPU.Build.0 = Release|Any CPU
	EndGlobalSection
	GlobalSection(SolutionProperties) = preSolution
		HideSolutionNode = FALSE
	EndGlobalSection
	GlobalSection(NestedProjects) = preSolution
		{2D7C55C2-7DBE-4ACF-872F-34C61E29935A} = {52F0606A-42F5-4C87-B0F7-5C5DC8044F0C}
		{95F14FC3-EED1-4DFC-B109-4BBF1A5A6ED0} = {5E33DAAF-02A6-4BB5-92EE-D7A5D102188A}
	EndGlobalSection
	GlobalSection(ExtensibilityGlobals) = postSolution
		SolutionGuid = {548ABE66-03EB-4961-92AB-0891A2ECEC89}
	EndGlobalSection
EndGlobal
