
Microsoft Visual Studio Solution File, Format Version 12.00
# Visual Studio Version 17
VisualStudioVersion = 17.11.35222.181
MinimumVisualStudioVersion = 10.0.40219.1
Project("{9A19103F-16F7-4668-BE54-9A1E7A4F7556}") = "lib_entidades", "lib_entidades\lib_entidades.csproj", "{2D7C55C2-7DBE-4ACF-872F-34C61E29935A}"
EndProject
Project("{2150E333-8FDC-42A3-9474-1A3956D46DE8}") = "1. Presentaciones", "1. Presentaciones", "{83B31EE9-15BC-4B50-9562-8B5FE59E772D}"
EndProject
Project("{2150E333-8FDC-42A3-9474-1A3956D46DE8}") = "2. Servicios", "2. Servicios", "{5E33DAAF-02A6-4BB5-92EE-D7A5D102188A}"
EndProject
Project("{2150E333-8FDC-42A3-9474-1A3956D46DE8}") = "3. Comunes", "3. Comunes", "{52F0606A-42F5-4C87-B0F7-5C5DC8044F0C}"
EndProject
Project("{2150E333-8FDC-42A3-9474-1A3956D46DE8}") = "4. Pruebas unitarias", "4. Pruebas unitarias", "{FE452274-7EAE-48DD-B294-9C02B122FBC8}"
EndProject
Project("{2150E333-8FDC-42A3-9474-1A3956D46DE8}") = "Solution Items", "Solution Items", "{A6E290D0-438A-448C-9519-51E313952E56}"
	ProjectSection(SolutionItems) = preProject
		datos.JSON = datos.JSON
	EndProjectSection
EndProject
Project("{9A19103F-16F7-4668-BE54-9A1E7A4F7556}") = "lib_comunicaciones", "lib_comunicaciones\lib_comunicaciones.csproj", "{CBBD77D2-7303-4AC3-A528-01F667B3FCE9}"
EndProject
Project("{9A19103F-16F7-4668-BE54-9A1E7A4F7556}") = "lib_aplicaciones", "lib_aplicaciones\lib_aplicaciones.csproj", "{9A338E3C-FD41-4527-B034-4BE18CF947BF}"
EndProject
Project("{9A19103F-16F7-4668-BE54-9A1E7A4F7556}") = "lib_repositorios", "lib_repositorios\lib_repositorios.csproj", "{DFBB80F2-A4D8-4EBF-BD55-7C4E501A1B48}"
EndProject
Project("{9A19103F-16F7-4668-BE54-9A1E7A4F7556}") = "mst_pruebas", "mst_pruebas\mst_pruebas.csproj", "{9FE2B682-88D9-4781-85BA-325BBECBFA47}"
EndProject
Project("{9A19103F-16F7-4668-BE54-9A1E7A4F7556}") = "asp_presentaciones", "asp_presentaciones\asp_presentaciones.csproj", "{BA80C3FD-A53D-480E-8145-94827DB0AD88}"
EndProject
Project("{9A19103F-16F7-4668-BE54-9A1E7A4F7556}") = "lib_presentaciones", "lib_presentaciones\lib_presentaciones.csproj", "{DD90C876-BBB1-4586-A9B2-845035D09A9A}"
EndProject
Project("{9A19103F-16F7-4668-BE54-9A1E7A4F7556}") = "lib_utilidades", "lib_utilidades\lib_utilidades.csproj", "{3AF50DA4-2EC1-4DC5-92B4-C7252C718AAF}"
EndProject
Project("{9A19103F-16F7-4668-BE54-9A1E7A4F7556}") = "asp_servicios", "asp_servicios\asp_servicios.csproj", "{BEBBCB3E-0E25-41C8-AF1E-F0947647CE91}"
EndProject
Global
	GlobalSection(SolutionConfigurationPlatforms) = preSolution
		Debug|Any CPU = Debug|Any CPU
		Release|Any CPU = Release|Any CPU
	EndGlobalSection
	GlobalSection(ProjectConfigurationPlatforms) = postSolution
		{2D7C55C2-7DBE-4ACF-872F-34C61E29935A}.Debug|Any CPU.ActiveCfg = Debug|Any CPU
		{2D7C55C2-7DBE-4ACF-872F-34C61E29935A}.Debug|Any CPU.Build.0 = Debug|Any CPU
		{2D7C55C2-7DBE-4ACF-872F-34C61E29935A}.Release|Any CPU.ActiveCfg = Release|Any CPU
		{2D7C55C2-7DBE-4ACF-872F-34C61E29935A}.Release|Any CPU.Build.0 = Release|Any CPU
		{CBBD77D2-7303-4AC3-A528-01F667B3FCE9}.Debug|Any CPU.ActiveCfg = Debug|Any CPU
		{CBBD77D2-7303-4AC3-A528-01F667B3FCE9}.Debug|Any CPU.Build.0 = Debug|Any CPU
		{CBBD77D2-7303-4AC3-A528-01F667B3FCE9}.Release|Any CPU.ActiveCfg = Release|Any CPU
		{CBBD77D2-7303-4AC3-A528-01F667B3FCE9}.Release|Any CPU.Build.0 = Release|Any CPU
		{9A338E3C-FD41-4527-B034-4BE18CF947BF}.Debug|Any CPU.ActiveCfg = Debug|Any CPU
		{9A338E3C-FD41-4527-B034-4BE18CF947BF}.Debug|Any CPU.Build.0 = Debug|Any CPU
		{9A338E3C-FD41-4527-B034-4BE18CF947BF}.Release|Any CPU.ActiveCfg = Release|Any CPU
		{9A338E3C-FD41-4527-B034-4BE18CF947BF}.Release|Any CPU.Build.0 = Release|Any CPU
		{DFBB80F2-A4D8-4EBF-BD55-7C4E501A1B48}.Debug|Any CPU.ActiveCfg = Debug|Any CPU
		{DFBB80F2-A4D8-4EBF-BD55-7C4E501A1B48}.Debug|Any CPU.Build.0 = Debug|Any CPU
		{DFBB80F2-A4D8-4EBF-BD55-7C4E501A1B48}.Release|Any CPU.ActiveCfg = Release|Any CPU
		{DFBB80F2-A4D8-4EBF-BD55-7C4E501A1B48}.Release|Any CPU.Build.0 = Release|Any CPU
		{9FE2B682-88D9-4781-85BA-325BBECBFA47}.Debug|Any CPU.ActiveCfg = Debug|Any CPU
		{9FE2B682-88D9-4781-85BA-325BBECBFA47}.Debug|Any CPU.Build.0 = Debug|Any CPU
		{9FE2B682-88D9-4781-85BA-325BBECBFA47}.Release|Any CPU.ActiveCfg = Release|Any CPU
		{9FE2B682-88D9-4781-85BA-325BBECBFA47}.Release|Any CPU.Build.0 = Release|Any CPU
		{BA80C3FD-A53D-480E-8145-94827DB0AD88}.Debug|Any CPU.ActiveCfg = Debug|Any CPU
		{BA80C3FD-A53D-480E-8145-94827DB0AD88}.Debug|Any CPU.Build.0 = Debug|Any CPU
		{BA80C3FD-A53D-480E-8145-94827DB0AD88}.Release|Any CPU.ActiveCfg = Release|Any CPU
		{BA80C3FD-A53D-480E-8145-94827DB0AD88}.Release|Any CPU.Build.0 = Release|Any CPU
		{DD90C876-BBB1-4586-A9B2-845035D09A9A}.Debug|Any CPU.ActiveCfg = Debug|Any CPU
		{DD90C876-BBB1-4586-A9B2-845035D09A9A}.Debug|Any CPU.Build.0 = Debug|Any CPU
		{DD90C876-BBB1-4586-A9B2-845035D09A9A}.Release|Any CPU.ActiveCfg = Release|Any CPU
		{DD90C876-BBB1-4586-A9B2-845035D09A9A}.Release|Any CPU.Build.0 = Release|Any CPU
		{3AF50DA4-2EC1-4DC5-92B4-C7252C718AAF}.Debug|Any CPU.ActiveCfg = Debug|Any CPU
		{3AF50DA4-2EC1-4DC5-92B4-C7252C718AAF}.Debug|Any CPU.Build.0 = Debug|Any CPU
		{3AF50DA4-2EC1-4DC5-92B4-C7252C718AAF}.Release|Any CPU.ActiveCfg = Release|Any CPU
		{3AF50DA4-2EC1-4DC5-92B4-C7252C718AAF}.Release|Any CPU.Build.0 = Release|Any CPU
		{BEBBCB3E-0E25-41C8-AF1E-F0947647CE91}.Debug|Any CPU.ActiveCfg = Debug|Any CPU
		{BEBBCB3E-0E25-41C8-AF1E-F0947647CE91}.Debug|Any CPU.Build.0 = Debug|Any CPU
		{BEBBCB3E-0E25-41C8-AF1E-F0947647CE91}.Release|Any CPU.ActiveCfg = Release|Any CPU
		{BEBBCB3E-0E25-41C8-AF1E-F0947647CE91}.Release|Any CPU.Build.0 = Release|Any CPU
	EndGlobalSection
	GlobalSection(SolutionProperties) = preSolution
		HideSolutionNode = FALSE
	EndGlobalSection
	GlobalSection(NestedProjects) = preSolution
		{2D7C55C2-7DBE-4ACF-872F-34C61E29935A} = {52F0606A-42F5-4C87-B0F7-5C5DC8044F0C}
		{CBBD77D2-7303-4AC3-A528-01F667B3FCE9} = {83B31EE9-15BC-4B50-9562-8B5FE59E772D}
		{9A338E3C-FD41-4527-B034-4BE18CF947BF} = {5E33DAAF-02A6-4BB5-92EE-D7A5D102188A}
		{DFBB80F2-A4D8-4EBF-BD55-7C4E501A1B48} = {5E33DAAF-02A6-4BB5-92EE-D7A5D102188A}
		{9FE2B682-88D9-4781-85BA-325BBECBFA47} = {FE452274-7EAE-48DD-B294-9C02B122FBC8}
		{BA80C3FD-A53D-480E-8145-94827DB0AD88} = {83B31EE9-15BC-4B50-9562-8B5FE59E772D}
		{DD90C876-BBB1-4586-A9B2-845035D09A9A} = {83B31EE9-15BC-4B50-9562-8B5FE59E772D}
		{3AF50DA4-2EC1-4DC5-92B4-C7252C718AAF} = {52F0606A-42F5-4C87-B0F7-5C5DC8044F0C}
		{BEBBCB3E-0E25-41C8-AF1E-F0947647CE91} = {5E33DAAF-02A6-4BB5-92EE-D7A5D102188A}
	EndGlobalSection
	GlobalSection(ExtensibilityGlobals) = postSolution
		SolutionGuid = {548ABE66-03EB-4961-92AB-0891A2ECEC89}
	EndGlobalSection
EndGlobal
